// !$*UTF8*$!
{
	archiveVersion = 1;
	classes = {
	};
	objectVersion = 46;
	objects = {

/* Begin PBXBuildFile section */
		0446456A1B7F9BEB00F49296 /* CFNetwork.framework in Frameworks */ = {isa = PBXBuildFile; fileRef = 044645691B7F9BEB00F49296 /* CFNetwork.framework */; };
		0446456C1B7F9BF600F49296 /* CoreFoundation.framework in Frameworks */ = {isa = PBXBuildFile; fileRef = 0446456B1B7F9BF600F49296 /* CoreFoundation.framework */; };
		0446456E1B7F9C0000F49296 /* CoreTelephony.framework in Frameworks */ = {isa = PBXBuildFile; fileRef = 0446456D1B7F9C0000F49296 /* CoreTelephony.framework */; };
		044645701B7F9C1000F49296 /* SystemConfiguration.framework in Frameworks */ = {isa = PBXBuildFile; fileRef = 0446456F1B7F9C1000F49296 /* SystemConfiguration.framework */; };
		044645721B7F9C1A00F49296 /* CoreGraphics.framework in Frameworks */ = {isa = PBXBuildFile; fileRef = 044645711B7F9C1A00F49296 /* CoreGraphics.framework */; };
		044645741B7F9C2500F49296 /* Foundation.framework in Frameworks */ = {isa = PBXBuildFile; fileRef = 044645731B7F9C2500F49296 /* Foundation.framework */; };
		044645761B7F9C2A00F49296 /* UIKit.framework in Frameworks */ = {isa = PBXBuildFile; fileRef = 044645751B7F9C2A00F49296 /* UIKit.framework */; };
		044645781B7F9C3600F49296 /* libz.dylib in Frameworks */ = {isa = PBXBuildFile; fileRef = 044645771B7F9C3600F49296 /* libz.dylib */; };
		0446457A1B7F9C4000F49296 /* Security.framework in Frameworks */ = {isa = PBXBuildFile; fileRef = 044645791B7F9C4000F49296 /* Security.framework */; };
		0446457D1B7F9CFF00F49296 /* PushConfig.plist in Resources */ = {isa = PBXBuildFile; fileRef = 0446457C1B7F9CFF00F49296 /* PushConfig.plist */; };
		044645871B7FB9E900F49296 /* libPushSDK-1.8.5.a in Frameworks */ = {isa = PBXBuildFile; fileRef = 044645861B7FB9E900F49296 /* libPushSDK-1.8.5.a */; };
		044645891B7FC5E400F49296 /* BearUserInfo.swift in Sources */ = {isa = PBXBuildFile; fileRef = 044645881B7FC5E400F49296 /* BearUserInfo.swift */; };
		045FFE521B804D2200F7144B /* BearCache.swift in Sources */ = {isa = PBXBuildFile; fileRef = 045FFE511B804D2200F7144B /* BearCache.swift */; };
		045FFE541B8050FA00F7144B /* BearSettingViewController.swift in Sources */ = {isa = PBXBuildFile; fileRef = 045FFE531B8050FA00F7144B /* BearSettingViewController.swift */; };
		04DE73441B7F6F3E006AA912 /* AppDelegate.swift in Sources */ = {isa = PBXBuildFile; fileRef = 04DE73431B7F6F3E006AA912 /* AppDelegate.swift */; };
		04DE73461B7F6F3E006AA912 /* BearRemoterViewController.swift in Sources */ = {isa = PBXBuildFile; fileRef = 04DE73451B7F6F3E006AA912 /* BearRemoterViewController.swift */; };
		04DE73481B7F6F3E006AA912 /* BearAboutViewController.swift in Sources */ = {isa = PBXBuildFile; fileRef = 04DE73471B7F6F3E006AA912 /* BearAboutViewController.swift */; };
		04DE734B1B7F6F3E006AA912 /* Main.storyboard in Resources */ = {isa = PBXBuildFile; fileRef = 04DE73491B7F6F3E006AA912 /* Main.storyboard */; };
		04DE734D1B7F6F3E006AA912 /* Images.xcassets in Resources */ = {isa = PBXBuildFile; fileRef = 04DE734C1B7F6F3E006AA912 /* Images.xcassets */; };
		04DE73501B7F6F3E006AA912 /* LaunchScreen.xib in Resources */ = {isa = PBXBuildFile; fileRef = 04DE734E1B7F6F3E006AA912 /* LaunchScreen.xib */; };
		04DE735C1B7F6F3E006AA912 /* BearRemoterTests.swift in Sources */ = {isa = PBXBuildFile; fileRef = 04DE735B1B7F6F3E006AA912 /* BearRemoterTests.swift */; };
/* End PBXBuildFile section */

/* Begin PBXContainerItemProxy section */
		04DE73561B7F6F3E006AA912 /* PBXContainerItemProxy */ = {
			isa = PBXContainerItemProxy;
			containerPortal = 04DE73361B7F6F3E006AA912 /* Project object */;
			proxyType = 1;
			remoteGlobalIDString = 04DE733D1B7F6F3E006AA912;
			remoteInfo = BearRemoter;
		};
/* End PBXContainerItemProxy section */

/* Begin PBXFileReference section */
		044645691B7F9BEB00F49296 /* CFNetwork.framework */ = {isa = PBXFileReference; lastKnownFileType = wrapper.framework; name = CFNetwork.framework; path = System/Library/Frameworks/CFNetwork.framework; sourceTree = SDKROOT; };
		0446456B1B7F9BF600F49296 /* CoreFoundation.framework */ = {isa = PBXFileReference; lastKnownFileType = wrapper.framework; name = CoreFoundation.framework; path = System/Library/Frameworks/CoreFoundation.framework; sourceTree = SDKROOT; };
		0446456D1B7F9C0000F49296 /* CoreTelephony.framework */ = {isa = PBXFileReference; lastKnownFileType = wrapper.framework; name = CoreTelephony.framework; path = System/Library/Frameworks/CoreTelephony.framework; sourceTree = SDKROOT; };
		0446456F1B7F9C1000F49296 /* SystemConfiguration.framework */ = {isa = PBXFileReference; lastKnownFileType = wrapper.framework; name = SystemConfiguration.framework; path = System/Library/Frameworks/SystemConfiguration.framework; sourceTree = SDKROOT; };
		044645711B7F9C1A00F49296 /* CoreGraphics.framework */ = {isa = PBXFileReference; lastKnownFileType = wrapper.framework; name = CoreGraphics.framework; path = System/Library/Frameworks/CoreGraphics.framework; sourceTree = SDKROOT; };
		044645731B7F9C2500F49296 /* Foundation.framework */ = {isa = PBXFileReference; lastKnownFileType = wrapper.framework; name = Foundation.framework; path = System/Library/Frameworks/Foundation.framework; sourceTree = SDKROOT; };
		044645751B7F9C2A00F49296 /* UIKit.framework */ = {isa = PBXFileReference; lastKnownFileType = wrapper.framework; name = UIKit.framework; path = System/Library/Frameworks/UIKit.framework; sourceTree = SDKROOT; };
		044645771B7F9C3600F49296 /* libz.dylib */ = {isa = PBXFileReference; lastKnownFileType = "compiled.mach-o.dylib"; name = libz.dylib; path = usr/lib/libz.dylib; sourceTree = SDKROOT; };
		044645791B7F9C4000F49296 /* Security.framework */ = {isa = PBXFileReference; lastKnownFileType = wrapper.framework; name = Security.framework; path = System/Library/Frameworks/Security.framework; sourceTree = SDKROOT; };
		0446457C1B7F9CFF00F49296 /* PushConfig.plist */ = {isa = PBXFileReference; fileEncoding = 4; lastKnownFileType = text.plist.xml; path = PushConfig.plist; sourceTree = "<group>"; };
		0446457E1B7FB5C500F49296 /* BearRemoter-Bridging-Header.h */ = {isa = PBXFileReference; lastKnownFileType = sourcecode.c.h; path = "BearRemoter-Bridging-Header.h"; sourceTree = "<group>"; };
		044645821B7FB7C300F49296 /* APService.h */ = {isa = PBXFileReference; lastKnownFileType = sourcecode.c.h; path = APService.h; sourceTree = "<group>"; };
		044645861B7FB9E900F49296 /* libPushSDK-1.8.5.a */ = {isa = PBXFileReference; lastKnownFileType = archive.ar; path = "libPushSDK-1.8.5.a"; sourceTree = "<group>"; };
		044645881B7FC5E400F49296 /* BearUserInfo.swift */ = {isa = PBXFileReference; fileEncoding = 4; lastKnownFileType = sourcecode.swift; path = BearUserInfo.swift; sourceTree = "<group>"; };
		045FFE511B804D2200F7144B /* BearCache.swift */ = {isa = PBXFileReference; fileEncoding = 4; lastKnownFileType = sourcecode.swift; path = BearCache.swift; sourceTree = "<group>"; };
		045FFE531B8050FA00F7144B /* BearSettingViewController.swift */ = {isa = PBXFileReference; fileEncoding = 4; lastKnownFileType = sourcecode.swift; path = BearSettingViewController.swift; sourceTree = "<group>"; };
		04DE733E1B7F6F3E006AA912 /* BearRemoter.app */ = {isa = PBXFileReference; explicitFileType = wrapper.application; includeInIndex = 0; path = BearRemoter.app; sourceTree = BUILT_PRODUCTS_DIR; };
		04DE73421B7F6F3E006AA912 /* Info.plist */ = {isa = PBXFileReference; lastKnownFileType = text.plist.xml; path = Info.plist; sourceTree = "<group>"; };
		04DE73431B7F6F3E006AA912 /* AppDelegate.swift */ = {isa = PBXFileReference; lastKnownFileType = sourcecode.swift; path = AppDelegate.swift; sourceTree = "<group>"; };
		04DE73451B7F6F3E006AA912 /* BearRemoterViewController.swift */ = {isa = PBXFileReference; lastKnownFileType = sourcecode.swift; path = BearRemoterViewController.swift; sourceTree = "<group>"; };
		04DE73471B7F6F3E006AA912 /* BearAboutViewController.swift */ = {isa = PBXFileReference; lastKnownFileType = sourcecode.swift; path = BearAboutViewController.swift; sourceTree = "<group>"; };
		04DE734A1B7F6F3E006AA912 /* Base */ = {isa = PBXFileReference; lastKnownFileType = file.storyboard; name = Base; path = Base.lproj/Main.storyboard; sourceTree = "<group>"; };
		04DE734C1B7F6F3E006AA912 /* Images.xcassets */ = {isa = PBXFileReference; lastKnownFileType = folder.assetcatalog; path = Images.xcassets; sourceTree = "<group>"; };
		04DE734F1B7F6F3E006AA912 /* Base */ = {isa = PBXFileReference; lastKnownFileType = file.xib; name = Base; path = Base.lproj/LaunchScreen.xib; sourceTree = "<group>"; };
		04DE73551B7F6F3E006AA912 /* BearRemoterTests.xctest */ = {isa = PBXFileReference; explicitFileType = wrapper.cfbundle; includeInIndex = 0; path = BearRemoterTests.xctest; sourceTree = BUILT_PRODUCTS_DIR; };
		04DE735A1B7F6F3E006AA912 /* Info.plist */ = {isa = PBXFileReference; lastKnownFileType = text.plist.xml; path = Info.plist; sourceTree = "<group>"; };
		04DE735B1B7F6F3E006AA912 /* BearRemoterTests.swift */ = {isa = PBXFileReference; lastKnownFileType = sourcecode.swift; path = BearRemoterTests.swift; sourceTree = "<group>"; };
		04DE73651B7F6FAC006AA912 /* zh-Hans */ = {isa = PBXFileReference; lastKnownFileType = text.plist.strings; name = "zh-Hans"; path = "zh-Hans.lproj/Main.strings"; sourceTree = "<group>"; };
		04DE73661B7F6FAC006AA912 /* zh-Hans */ = {isa = PBXFileReference; lastKnownFileType = text.plist.strings; name = "zh-Hans"; path = "zh-Hans.lproj/LaunchScreen.strings"; sourceTree = "<group>"; };
/* End PBXFileReference section */

/* Begin PBXFrameworksBuildPhase section */
		04DE733B1B7F6F3E006AA912 /* Frameworks */ = {
			isa = PBXFrameworksBuildPhase;
			buildActionMask = 2147483647;
			files = (
				0446457A1B7F9C4000F49296 /* Security.framework in Frameworks */,
				044645781B7F9C3600F49296 /* libz.dylib in Frameworks */,
				044645761B7F9C2A00F49296 /* UIKit.framework in Frameworks */,
				044645871B7FB9E900F49296 /* libPushSDK-1.8.5.a in Frameworks */,
				044645741B7F9C2500F49296 /* Foundation.framework in Frameworks */,
				044645721B7F9C1A00F49296 /* CoreGraphics.framework in Frameworks */,
				044645701B7F9C1000F49296 /* SystemConfiguration.framework in Frameworks */,
				0446456E1B7F9C0000F49296 /* CoreTelephony.framework in Frameworks */,
				0446456C1B7F9BF600F49296 /* CoreFoundation.framework in Frameworks */,
				0446456A1B7F9BEB00F49296 /* CFNetwork.framework in Frameworks */,
			);
			runOnlyForDeploymentPostprocessing = 0;
		};
		04DE73521B7F6F3E006AA912 /* Frameworks */ = {
			isa = PBXFrameworksBuildPhase;
			buildActionMask = 2147483647;
			files = (
			);
			runOnlyForDeploymentPostprocessing = 0;
		};
/* End PBXFrameworksBuildPhase section */

/* Begin PBXGroup section */
		0446457B1B7F9C4600F49296 /* Lib */ = {
			isa = PBXGroup;
			children = (
				044645791B7F9C4000F49296 /* Security.framework */,
				044645771B7F9C3600F49296 /* libz.dylib */,
				044645751B7F9C2A00F49296 /* UIKit.framework */,
				044645731B7F9C2500F49296 /* Foundation.framework */,
				044645711B7F9C1A00F49296 /* CoreGraphics.framework */,
				0446456F1B7F9C1000F49296 /* SystemConfiguration.framework */,
				0446456D1B7F9C0000F49296 /* CoreTelephony.framework */,
				0446456B1B7F9BF600F49296 /* CoreFoundation.framework */,
				044645691B7F9BEB00F49296 /* CFNetwork.framework */,
			);
			name = Lib;
			sourceTree = "<group>";
		};
		04DE73351B7F6F3E006AA912 = {
			isa = PBXGroup;
			children = (
				0446457B1B7F9C4600F49296 /* Lib */,
				04DE73401B7F6F3E006AA912 /* BearRemoter */,
				04DE73581B7F6F3E006AA912 /* BearRemoterTests */,
				04DE733F1B7F6F3E006AA912 /* Products */,
			);
			sourceTree = "<group>";
		};
		04DE733F1B7F6F3E006AA912 /* Products */ = {
			isa = PBXGroup;
			children = (
				04DE733E1B7F6F3E006AA912 /* BearRemoter.app */,
				04DE73551B7F6F3E006AA912 /* BearRemoterTests.xctest */,
			);
			name = Products;
			sourceTree = "<group>";
		};
		04DE73401B7F6F3E006AA912 /* BearRemoter */ = {
			isa = PBXGroup;
			children = (
				044645861B7FB9E900F49296 /* libPushSDK-1.8.5.a */,
				044645821B7FB7C300F49296 /* APService.h */,
				04DE73431B7F6F3E006AA912 /* AppDelegate.swift */,
				04DE73451B7F6F3E006AA912 /* BearRemoterViewController.swift */,
				04DE73471B7F6F3E006AA912 /* BearAboutViewController.swift */,
				04DE73491B7F6F3E006AA912 /* Main.storyboard */,
				04DE734C1B7F6F3E006AA912 /* Images.xcassets */,
				04DE734E1B7F6F3E006AA912 /* LaunchScreen.xib */,
				04DE73411B7F6F3E006AA912 /* Supporting Files */,
				0446457C1B7F9CFF00F49296 /* PushConfig.plist */,
				0446457E1B7FB5C500F49296 /* BearRemoter-Bridging-Header.h */,
				044645881B7FC5E400F49296 /* BearUserInfo.swift */,
				045FFE511B804D2200F7144B /* BearCache.swift */,
				045FFE531B8050FA00F7144B /* BearSettingViewController.swift */,
			);
			path = BearRemoter;
			sourceTree = "<group>";
		};
		04DE73411B7F6F3E006AA912 /* Supporting Files */ = {
			isa = PBXGroup;
			children = (
				04DE73421B7F6F3E006AA912 /* Info.plist */,
			);
			name = "Supporting Files";
			sourceTree = "<group>";
		};
		04DE73581B7F6F3E006AA912 /* BearRemoterTests */ = {
			isa = PBXGroup;
			children = (
				04DE735B1B7F6F3E006AA912 /* BearRemoterTests.swift */,
				04DE73591B7F6F3E006AA912 /* Supporting Files */,
			);
			path = BearRemoterTests;
			sourceTree = "<group>";
		};
		04DE73591B7F6F3E006AA912 /* Supporting Files */ = {
			isa = PBXGroup;
			children = (
				04DE735A1B7F6F3E006AA912 /* Info.plist */,
			);
			name = "Supporting Files";
			sourceTree = "<group>";
		};
/* End PBXGroup section */

/* Begin PBXNativeTarget section */
		04DE733D1B7F6F3E006AA912 /* BearRemoter */ = {
			isa = PBXNativeTarget;
			buildConfigurationList = 04DE735F1B7F6F3E006AA912 /* Build configuration list for PBXNativeTarget "BearRemoter" */;
			buildPhases = (
				04DE733A1B7F6F3E006AA912 /* Sources */,
				04DE733B1B7F6F3E006AA912 /* Frameworks */,
				04DE733C1B7F6F3E006AA912 /* Resources */,
			);
			buildRules = (
			);
			dependencies = (
			);
			name = BearRemoter;
			productName = BearRemoter;
			productReference = 04DE733E1B7F6F3E006AA912 /* BearRemoter.app */;
			productType = "com.apple.product-type.application";
		};
		04DE73541B7F6F3E006AA912 /* BearRemoterTests */ = {
			isa = PBXNativeTarget;
			buildConfigurationList = 04DE73621B7F6F3E006AA912 /* Build configuration list for PBXNativeTarget "BearRemoterTests" */;
			buildPhases = (
				04DE73511B7F6F3E006AA912 /* Sources */,
				04DE73521B7F6F3E006AA912 /* Frameworks */,
				04DE73531B7F6F3E006AA912 /* Resources */,
			);
			buildRules = (
			);
			dependencies = (
				04DE73571B7F6F3E006AA912 /* PBXTargetDependency */,
			);
			name = BearRemoterTests;
			productName = BearRemoterTests;
			productReference = 04DE73551B7F6F3E006AA912 /* BearRemoterTests.xctest */;
			productType = "com.apple.product-type.bundle.unit-test";
		};
/* End PBXNativeTarget section */

/* Begin PBXProject section */
		04DE73361B7F6F3E006AA912 /* Project object */ = {
			isa = PBXProject;
			attributes = {
				LastSwiftMigration = 0700;
				LastSwiftUpdateCheck = 0700;
				LastUpgradeCheck = 0640;
				ORGANIZATIONNAME = vifix.cn;
				TargetAttributes = {
					04DE733D1B7F6F3E006AA912 = {
						CreatedOnToolsVersion = 6.4;
						DevelopmentTeam = YAC3HYZC66;
					};
					04DE73541B7F6F3E006AA912 = {
						CreatedOnToolsVersion = 6.4;
						TestTargetID = 04DE733D1B7F6F3E006AA912;
					};
				};
			};
			buildConfigurationList = 04DE73391B7F6F3E006AA912 /* Build configuration list for PBXProject "BearRemoter" */;
			compatibilityVersion = "Xcode 3.2";
			developmentRegion = English;
			hasScannedForEncodings = 0;
			knownRegions = (
				Base,
			);
			mainGroup = 04DE73351B7F6F3E006AA912;
			productRefGroup = 04DE733F1B7F6F3E006AA912 /* Products */;
			projectDirPath = "";
			projectRoot = "";
			targets = (
				04DE733D1B7F6F3E006AA912 /* BearRemoter */,
				04DE73541B7F6F3E006AA912 /* BearRemoterTests */,
			);
		};
/* End PBXProject section */

/* Begin PBXResourcesBuildPhase section */
		04DE733C1B7F6F3E006AA912 /* Resources */ = {
			isa = PBXResourcesBuildPhase;
			buildActionMask = 2147483647;
			files = (
				0446457D1B7F9CFF00F49296 /* PushConfig.plist in Resources */,
				04DE734B1B7F6F3E006AA912 /* Main.storyboard in Resources */,
				04DE73501B7F6F3E006AA912 /* LaunchScreen.xib in Resources */,
				04DE734D1B7F6F3E006AA912 /* Images.xcassets in Resources */,
			);
			runOnlyForDeploymentPostprocessing = 0;
		};
		04DE73531B7F6F3E006AA912 /* Resources */ = {
			isa = PBXResourcesBuildPhase;
			buildActionMask = 2147483647;
			files = (
			);
			runOnlyForDeploymentPostprocessing = 0;
		};
/* End PBXResourcesBuildPhase section */

/* Begin PBXSourcesBuildPhase section */
		04DE733A1B7F6F3E006AA912 /* Sources */ = {
			isa = PBXSourcesBuildPhase;
			buildActionMask = 2147483647;
			files = (
				04DE73481B7F6F3E006AA912 /* BearAboutViewController.swift in Sources */,
				04DE73441B7F6F3E006AA912 /* AppDelegate.swift in Sources */,
				045FFE521B804D2200F7144B /* BearCache.swift in Sources */,
				045FFE541B8050FA00F7144B /* BearSettingViewController.swift in Sources */,
				04DE73461B7F6F3E006AA912 /* BearRemoterViewController.swift in Sources */,
				044645891B7FC5E400F49296 /* BearUserInfo.swift in Sources */,
			);
			runOnlyForDeploymentPostprocessing = 0;
		};
		04DE73511B7F6F3E006AA912 /* Sources */ = {
			isa = PBXSourcesBuildPhase;
			buildActionMask = 2147483647;
			files = (
				04DE735C1B7F6F3E006AA912 /* BearRemoterTests.swift in Sources */,
			);
			runOnlyForDeploymentPostprocessing = 0;
		};
/* End PBXSourcesBuildPhase section */

/* Begin PBXTargetDependency section */
		04DE73571B7F6F3E006AA912 /* PBXTargetDependency */ = {
			isa = PBXTargetDependency;
			target = 04DE733D1B7F6F3E006AA912 /* BearRemoter */;
			targetProxy = 04DE73561B7F6F3E006AA912 /* PBXContainerItemProxy */;
		};
/* End PBXTargetDependency section */

/* Begin PBXVariantGroup section */
		04DE73491B7F6F3E006AA912 /* Main.storyboard */ = {
			isa = PBXVariantGroup;
			children = (
				04DE734A1B7F6F3E006AA912 /* Base */,
				04DE73651B7F6FAC006AA912 /* zh-Hans */,
			);
			name = Main.storyboard;
			sourceTree = "<group>";
		};
		04DE734E1B7F6F3E006AA912 /* LaunchScreen.xib */ = {
			isa = PBXVariantGroup;
			children = (
				04DE734F1B7F6F3E006AA912 /* Base */,
				04DE73661B7F6FAC006AA912 /* zh-Hans */,
			);
			name = LaunchScreen.xib;
			sourceTree = "<group>";
		};
/* End PBXVariantGroup section */

/* Begin XCBuildConfiguration section */
		04DE735D1B7F6F3E006AA912 /* Debug */ = {
			isa = XCBuildConfiguration;
			buildSettings = {
				ALWAYS_SEARCH_USER_PATHS = NO;
				CLANG_CXX_LANGUAGE_STANDARD = "gnu++0x";
				CLANG_CXX_LIBRARY = "libc++";
				CLANG_ENABLE_MODULES = YES;
				CLANG_ENABLE_OBJC_ARC = YES;
				CLANG_WARN_BOOL_CONVERSION = YES;
				CLANG_WARN_CONSTANT_CONVERSION = YES;
				CLANG_WARN_DIRECT_OBJC_ISA_USAGE = YES_ERROR;
				CLANG_WARN_EMPTY_BODY = YES;
				CLANG_WARN_ENUM_CONVERSION = YES;
				CLANG_WARN_INT_CONVERSION = YES;
				CLANG_WARN_OBJC_ROOT_CLASS = YES_ERROR;
				CLANG_WARN_UNREACHABLE_CODE = YES;
				CLANG_WARN__DUPLICATE_METHOD_MATCH = YES;
				"CODE_SIGN_IDENTITY[sdk=iphoneos*]" = "iPhone Developer";
				COPY_PHASE_STRIP = NO;
				DEBUG_INFORMATION_FORMAT = "dwarf-with-dsym";
				ENABLE_STRICT_OBJC_MSGSEND = YES;
				GCC_C_LANGUAGE_STANDARD = gnu99;
				GCC_DYNAMIC_NO_PIC = NO;
				GCC_NO_COMMON_BLOCKS = YES;
				GCC_OPTIMIZATION_LEVEL = 0;
				GCC_PREPROCESSOR_DEFINITIONS = (
					"DEBUG=1",
					"$(inherited)",
				);
				GCC_SYMBOLS_PRIVATE_EXTERN = NO;
				GCC_WARN_64_TO_32_BIT_CONVERSION = YES;
				GCC_WARN_ABOUT_RETURN_TYPE = YES_ERROR;
				GCC_WARN_UNDECLARED_SELECTOR = YES;
				GCC_WARN_UNINITIALIZED_AUTOS = YES_AGGRESSIVE;
				GCC_WARN_UNUSED_FUNCTION = YES;
				GCC_WARN_UNUSED_VARIABLE = YES;
				IPHONEOS_DEPLOYMENT_TARGET = 8.0;
				MTL_ENABLE_DEBUG_INFO = YES;
				ONLY_ACTIVE_ARCH = YES;
				SDKROOT = iphoneos;
				SWIFT_OPTIMIZATION_LEVEL = "-Onone";
			};
			name = Debug;
		};
		04DE735E1B7F6F3E006AA912 /* Release */ = {
			isa = XCBuildConfiguration;
			buildSettings = {
				ALWAYS_SEARCH_USER_PATHS = NO;
				CLANG_CXX_LANGUAGE_STANDARD = "gnu++0x";
				CLANG_CXX_LIBRARY = "libc++";
				CLANG_ENABLE_MODULES = YES;
				CLANG_ENABLE_OBJC_ARC = YES;
				CLANG_WARN_BOOL_CONVERSION = YES;
				CLANG_WARN_CONSTANT_CONVERSION = YES;
				CLANG_WARN_DIRECT_OBJC_ISA_USAGE = YES_ERROR;
				CLANG_WARN_EMPTY_BODY = YES;
				CLANG_WARN_ENUM_CONVERSION = YES;
				CLANG_WARN_INT_CONVERSION = YES;
				CLANG_WARN_OBJC_ROOT_CLASS = YES_ERROR;
				CLANG_WARN_UNREACHABLE_CODE = YES;
				CLANG_WARN__DUPLICATE_METHOD_MATCH = YES;
				"CODE_SIGN_IDENTITY[sdk=iphoneos*]" = "iPhone Developer";
				COPY_PHASE_STRIP = NO;
				DEBUG_INFORMATION_FORMAT = "dwarf-with-dsym";
				ENABLE_NS_ASSERTIONS = NO;
				ENABLE_STRICT_OBJC_MSGSEND = YES;
				GCC_C_LANGUAGE_STANDARD = gnu99;
				GCC_NO_COMMON_BLOCKS = YES;
				GCC_WARN_64_TO_32_BIT_CONVERSION = YES;
				GCC_WARN_ABOUT_RETURN_TYPE = YES_ERROR;
				GCC_WARN_UNDECLARED_SELECTOR = YES;
				GCC_WARN_UNINITIALIZED_AUTOS = YES_AGGRESSIVE;
				GCC_WARN_UNUSED_FUNCTION = YES;
				GCC_WARN_UNUSED_VARIABLE = YES;
				IPHONEOS_DEPLOYMENT_TARGET = 8.0;
				MTL_ENABLE_DEBUG_INFO = NO;
				SDKROOT = iphoneos;
				VALIDATE_PRODUCT = YES;
			};
			name = Release;
		};
		04DE73601B7F6F3E006AA912 /* Debug */ = {
			isa = XCBuildConfiguration;
			buildSettings = {
				ASSETCATALOG_COMPILER_APPICON_NAME = AppIcon;
				CLANG_ENABLE_MODULES = YES;
				CODE_SIGN_IDENTITY = "iPhone Developer";
				"CODE_SIGN_IDENTITY[sdk=iphoneos*]" = "iPhone Developer";
				INFOPLIST_FILE = BearRemoter/Info.plist;
				LD_RUNPATH_SEARCH_PATHS = "$(inherited) @executable_path/Frameworks";
				LIBRARY_SEARCH_PATHS = (
					"$(inherited)",
					"$(PROJECT_DIR)/BearRemoter",
					"$(PROJECT_DIR)/BearRemoter/jpush",
				);
				PRODUCT_NAME = "${TARGET_NAME}";
				PROVISIONING_PROFILE = "";
				SWIFT_OBJC_BRIDGING_HEADER = "BearRemoter/BearRemoter-Bridging-Header.h";
				SWIFT_OPTIMIZATION_LEVEL = "-Onone";
				USER_HEADER_SEARCH_PATHS = "$(SRCROOT)/BearRemoter";
			};
			name = Debug;
		};
		04DE73611B7F6F3E006AA912 /* Release */ = {
			isa = XCBuildConfiguration;
			buildSettings = {
				ASSETCATALOG_COMPILER_APPICON_NAME = AppIcon;
				CLANG_ENABLE_MODULES = YES;
				CODE_SIGN_IDENTITY = "iPhone Developer";
				"CODE_SIGN_IDENTITY[sdk=iphoneos*]" = "iPhone Developer";
				INFOPLIST_FILE = BearRemoter/Info.plist;
				LD_RUNPATH_SEARCH_PATHS = "$(inherited) @executable_path/Frameworks";
				LIBRARY_SEARCH_PATHS = (
					"$(inherited)",
					"$(PROJECT_DIR)/BearRemoter",
					"$(PROJECT_DIR)/BearRemoter/jpush",
				);
				PRODUCT_NAME = "${TARGET_NAME}";
				PROVISIONING_PROFILE = "";
				SWIFT_OBJC_BRIDGING_HEADER = "BearRemoter/BearRemoter-Bridging-Header.h";
				USER_HEADER_SEARCH_PATHS = "$(SRCROOT)/BearRemoter";
			};
			name = Release;
		};
		04DE73631B7F6F3E006AA912 /* Debug */ = {
			isa = XCBuildConfiguration;
			buildSettings = {
				BUNDLE_LOADER = "$(TEST_HOST)";
				FRAMEWORK_SEARCH_PATHS = (
					"$(SDKROOT)/Developer/Library/Frameworks",
					"$(inherited)",
				);
				GCC_PREPROCESSOR_DEFINITIONS = (
					"DEBUG=1",
					"$(inherited)",
				);
				INFOPLIST_FILE = BearRemoterTests/Info.plist;
				LD_RUNPATH_SEARCH_PATHS = "$(inherited) @executable_path/Frameworks @loader_path/Frameworks";
				PRODUCT_NAME = "$(TARGET_NAME)";
				TEST_HOST = "$(BUILT_PRODUCTS_DIR)/BearRemoter.app/BearRemoter";
			};
			name = Debug;
		};
		04DE73641B7F6F3E006AA912 /* Release */ = {
			isa = XCBuildConfiguration;
			buildSettings = {
				BUNDLE_LOADER = "$(TEST_HOST)";
				FRAMEWORK_SEARCH_PATHS = (
					"$(SDKROOT)/Developer/Library/Frameworks",
					"$(inherited)",
				);
				INFOPLIST_FILE = BearRemoterTests/Info.plist;
				LD_RUNPATH_SEARCH_PATHS = "$(inherited) @executable_path/Frameworks @loader_path/Frameworks";
				PRODUCT_NAME = "$(TARGET_NAME)";
				TEST_HOST = "$(BUILT_PRODUCTS_DIR)/BearRemoter.app/BearRemoter";
			};
			name = Release;
		};
/* End XCBuildConfiguration section */

/* Begin XCConfigurationList section */
		04DE73391B7F6F3E006AA912 /* Build configuration list for PBXProject "BearRemoter" */ = {
			isa = XCConfigurationList;
			buildConfigurations = (
				04DE735D1B7F6F3E006AA912 /* Debug */,
				04DE735E1B7F6F3E006AA912 /* Release */,
			);
			defaultConfigurationIsVisible = 0;
			defaultConfigurationName = Release;
		};
		04DE735F1B7F6F3E006AA912 /* Build configuration list for PBXNativeTarget "BearRemoter" */ = {
			isa = XCConfigurationList;
			buildConfigurations = (
				04DE73601B7F6F3E006AA912 /* Debug */,
				04DE73611B7F6F3E006AA912 /* Release */,
			);
			defaultConfigurationIsVisible = 0;
			defaultConfigurationName = Release;
		};
		04DE73621B7F6F3E006AA912 /* Build configuration list for PBXNativeTarget "BearRemoterTests" */ = {
			isa = XCConfigurationList;
			buildConfigurations = (
				04DE73631B7F6F3E006AA912 /* Debug */,
				04DE73641B7F6F3E006AA912 /* Release */,
			);
			defaultConfigurationIsVisible = 0;
			defaultConfigurationName = Release;
		};
/* End XCConfigurationList section */
	};
	rootObject = 04DE73361B7F6F3E006AA912 /* Project object */;
}
